
Microsoft Visual Studio Solution File, Format Version 12.00
# Visual Studio Version 17
VisualStudioVersion = 17.0.31903.59
MinimumVisualStudioVersion = 10.0.40219.1
Project("{2150E333-8FDC-42A3-9474-1A3956D46DE8}") = "src", "src", "{A1B2C3D4-E5F6-7890-ABCD-EF1234567890}"
EndProject
Project("{FAE04EC0-301F-11D3-BF4B-00C04F79EFBC}") = "Craft", "src\Craft\Craft.csproj", "{5360BB79-F828-400C-B848-7429B0040F82}"
EndProject
Project("{2150E333-8FDC-42A3-9474-1A3956D46DE8}") = "tests", "tests", "{BF4CE7B8-A874-4059-B557-5368C7A013EA}"
EndProject
Project("{FAE04EC0-301F-11D3-BF4B-00C04F79EFBC}") = "Craft.Tests", "tests\Craft.Tests\Craft.Tests.csproj", "{185BC64D-BDDD-4684-BEDC-66F9BE9671E1}"
EndProject
Project("{FAE04EC0-301F-11D3-BF4B-00C04F79EFBC}") = "Craft.Configuration", "src\Craft.Configuration\Craft.Configuration.csproj", "{C2867D09-61BF-4DED-9892-4BBB0AD9B34C}"
EndProject
Project("{FAE04EC0-301F-11D3-BF4B-00C04F79EFBC}") = "Craft.Contracts", "src\Craft.Contracts\Craft.Contracts.csproj", "{C4EDF6C2-F305-4415-9882-D703465BBE3A}"
EndProject
Global
	GlobalSection(SolutionConfigurationPlatforms) = preSolution
		Debug|Any CPU = Debug|Any CPU
		Debug|x64 = Debug|x64
		Debug|x86 = Debug|x86
		Release|Any CPU = Release|Any CPU
		Release|x64 = Release|x64
		Release|x86 = Release|x86
	EndGlobalSection
	GlobalSection(ProjectConfigurationPlatforms) = postSolution
		{5360BB79-F828-400C-B848-7429B0040F82}.Debug|Any CPU.ActiveCfg = Debug|Any CPU
		{5360BB79-F828-400C-B848-7429B0040F82}.Debug|Any CPU.Build.0 = Debug|Any CPU
		{5360BB79-F828-400C-B848-7429B0040F82}.Debug|x64.ActiveCfg = Debug|Any CPU
		{5360BB79-F828-400C-B848-7429B0040F82}.Debug|x64.Build.0 = Debug|Any CPU
		{5360BB79-F828-400C-B848-7429B0040F82}.Debug|x86.ActiveCfg = Debug|Any CPU
		{5360BB79-F828-400C-B848-7429B0040F82}.Debug|x86.Build.0 = Debug|Any CPU
		{5360BB79-F828-400C-B848-7429B0040F82}.Release|Any CPU.ActiveCfg = Release|Any CPU
		{5360BB79-F828-400C-B848-7429B0040F82}.Release|Any CPU.Build.0 = Release|Any CPU
		{5360BB79-F828-400C-B848-7429B0040F82}.Release|x64.ActiveCfg = Release|Any CPU
		{5360BB79-F828-400C-B848-7429B0040F82}.Release|x64.Build.0 = Release|Any CPU
		{5360BB79-F828-400C-B848-7429B0040F82}.Release|x86.ActiveCfg = Release|Any CPU
		{5360BB79-F828-400C-B848-7429B0040F82}.Release|x86.Build.0 = Release|Any CPU
		{185BC64D-BDDD-4684-BEDC-66F9BE9671E1}.Debug|Any CPU.ActiveCfg = Debug|Any CPU
		{185BC64D-BDDD-4684-BEDC-66F9BE9671E1}.Debug|Any CPU.Build.0 = Debug|Any CPU
		{185BC64D-BDDD-4684-BEDC-66F9BE9671E1}.Debug|x64.ActiveCfg = Debug|Any CPU
		{185BC64D-BDDD-4684-BEDC-66F9BE9671E1}.Debug|x64.Build.0 = Debug|Any CPU
		{185BC64D-BDDD-4684-BEDC-66F9BE9671E1}.Debug|x86.ActiveCfg = Debug|Any CPU
		{185BC64D-BDDD-4684-BEDC-66F9BE9671E1}.Debug|x86.Build.0 = Debug|Any CPU
		{185BC64D-BDDD-4684-BEDC-66F9BE9671E1}.Release|Any CPU.ActiveCfg = Release|Any CPU
		{185BC64D-BDDD-4684-BEDC-66F9BE9671E1}.Release|Any CPU.Build.0 = Release|Any CPU
		{185BC64D-BDDD-4684-BEDC-66F9BE9671E1}.Release|x64.ActiveCfg = Release|Any CPU
		{185BC64D-BDDD-4684-BEDC-66F9BE9671E1}.Release|x64.Build.0 = Release|Any CPU
		{185BC64D-BDDD-4684-BEDC-66F9BE9671E1}.Release|x86.ActiveCfg = Release|Any CPU
		{185BC64D-BDDD-4684-BEDC-66F9BE9671E1}.Release|x86.Build.0 = Release|Any CPU
		{C2867D09-61BF-4DED-9892-4BBB0AD9B34C}.Debug|Any CPU.ActiveCfg = Debug|Any CPU
		{C2867D09-61BF-4DED-9892-4BBB0AD9B34C}.Debug|Any CPU.Build.0 = Debug|Any CPU
		{C2867D09-61BF-4DED-9892-4BBB0AD9B34C}.Debug|x64.ActiveCfg = Debug|Any CPU
		{C2867D09-61BF-4DED-9892-4BBB0AD9B34C}.Debug|x64.Build.0 = Debug|Any CPU
		{C2867D09-61BF-4DED-9892-4BBB0AD9B34C}.Debug|x86.ActiveCfg = Debug|Any CPU
		{C2867D09-61BF-4DED-9892-4BBB0AD9B34C}.Debug|x86.Build.0 = Debug|Any CPU
		{C2867D09-61BF-4DED-9892-4BBB0AD9B34C}.Release|Any CPU.ActiveCfg = Release|Any CPU
		{C2867D09-61BF-4DED-9892-4BBB0AD9B34C}.Release|Any CPU.Build.0 = Release|Any CPU
		{C2867D09-61BF-4DED-9892-4BBB0AD9B34C}.Release|x64.ActiveCfg = Release|Any CPU
		{C2867D09-61BF-4DED-9892-4BBB0AD9B34C}.Release|x64.Build.0 = Release|Any CPU
		{C2867D09-61BF-4DED-9892-4BBB0AD9B34C}.Release|x86.ActiveCfg = Release|Any CPU
		{C2867D09-61BF-4DED-9892-4BBB0AD9B34C}.Release|x86.Build.0 = Release|Any CPU
		{C4EDF6C2-F305-4415-9882-D703465BBE3A}.Debug|Any CPU.ActiveCfg = Debug|Any CPU
		{C4EDF6C2-F305-4415-9882-D703465BBE3A}.Debug|Any CPU.Build.0 = Debug|Any CPU
		{C4EDF6C2-F305-4415-9882-D703465BBE3A}.Debug|x64.ActiveCfg = Debug|Any CPU
		{C4EDF6C2-F305-4415-9882-D703465BBE3A}.Debug|x64.Build.0 = Debug|Any CPU
		{C4EDF6C2-F305-4415-9882-D703465BBE3A}.Debug|x86.ActiveCfg = Debug|Any CPU
		{C4EDF6C2-F305-4415-9882-D703465BBE3A}.Debug|x86.Build.0 = Debug|Any CPU
		{C4EDF6C2-F305-4415-9882-D703465BBE3A}.Release|Any CPU.ActiveCfg = Release|Any CPU
		{C4EDF6C2-F305-4415-9882-D703465BBE3A}.Release|Any CPU.Build.0 = Release|Any CPU
		{C4EDF6C2-F305-4415-9882-D703465BBE3A}.Release|x64.ActiveCfg = Release|Any CPU
		{C4EDF6C2-F305-4415-9882-D703465BBE3A}.Release|x64.Build.0 = Release|Any CPU
		{C4EDF6C2-F305-4415-9882-D703465BBE3A}.Release|x86.ActiveCfg = Release|Any CPU
		{C4EDF6C2-F305-4415-9882-D703465BBE3A}.Release|x86.Build.0 = Release|Any CPU
	EndGlobalSection
	GlobalSection(SolutionProperties) = preSolution
		HideSolutionNode = FALSE
	EndGlobalSection
	GlobalSection(NestedProjects) = preSolution
		{5360BB79-F828-400C-B848-7429B0040F82} = {A1B2C3D4-E5F6-7890-ABCD-EF1234567890}
		{185BC64D-BDDD-4684-BEDC-66F9BE9671E1} = {BF4CE7B8-A874-4059-B557-5368C7A013EA}
		{C2867D09-61BF-4DED-9892-4BBB0AD9B34C} = {A1B2C3D4-E5F6-7890-ABCD-EF1234567890}
		{C4EDF6C2-F305-4415-9882-D703465BBE3A} = {A1B2C3D4-E5F6-7890-ABCD-EF1234567890}
	EndGlobalSection
EndGlobal
